# This file is automatically @generated by Cargo.
# It is not intended for manual editing.
version = 3

[[package]]
name = "cc"
version = "1.0.79"
source = "registry+https://github.com/rust-lang/crates.io-index"
checksum = "50d30906286121d95be3d479533b458f87493b30a4b5f79a607db8f5d11aa91f"

[[package]]
name = "syscaller"
version = "0.1.0"
dependencies = [
 "wr_syscalls",
]

[[package]]
name = "syscalls"
version = "0.6.9"
source = "registry+https://github.com/rust-lang/crates.io-index"
checksum = "5370cb0d74115b12ddd7feb517742dbaaf4aae9e3c10ff0edc7c19404935075b"
dependencies = [
 "cc",
]

[[package]]
name = "wr_syscalls"
version = "0.1.0"
dependencies = [
 "syscalls",
]
